
Microsoft Visual Studio Solution File, Format Version 12.00
# Visual Studio Version 16
VisualStudioVersion = 16.0.31129.286
MinimumVisualStudioVersion = 10.0.40219.1
Project("{FAE04EC0-301F-11D3-BF4B-00C04F79EFBC}") = "Library", "Library\Library.csproj", "{A75571AA-D4F0-47B7-92E8-62027824CD00}"
EndProject
Project("{FAE04EC0-301F-11D3-BF4B-00C04F79EFBC}") = "Library.UnitTests", "Library.UnitTests\Library.UnitTests.csproj", "{579E5CFB-C389-4C6E-8C5B-DC28026E2EC2}"
EndProject
Global
	GlobalSection(SolutionConfigurationPlatforms) = preSolution
		Debug|Any CPU = Debug|Any CPU
		Release|Any CPU = Release|Any CPU
	EndGlobalSection
	GlobalSection(ProjectConfigurationPlatforms) = postSolution
		{A75571AA-D4F0-47B7-92E8-62027824CD00}.Debug|Any CPU.ActiveCfg = Debug|Any CPU
		{A75571AA-D4F0-47B7-92E8-62027824CD00}.Debug|Any CPU.Build.0 = Debug|Any CPU
		{A75571AA-D4F0-47B7-92E8-62027824CD00}.Release|Any CPU.ActiveCfg = Release|Any CPU
		{A75571AA-D4F0-47B7-92E8-62027824CD00}.Release|Any CPU.Build.0 = Release|Any CPU
		{579E5CFB-C389-4C6E-8C5B-DC28026E2EC2}.Debug|Any CPU.ActiveCfg = Debug|Any CPU
		{579E5CFB-C389-4C6E-8C5B-DC28026E2EC2}.Debug|Any CPU.Build.0 = Debug|Any CPU
		{579E5CFB-C389-4C6E-8C5B-DC28026E2EC2}.Release|Any CPU.ActiveCfg = Release|Any CPU
		{579E5CFB-C389-4C6E-8C5B-DC28026E2EC2}.Release|Any CPU.Build.0 = Release|Any CPU
	EndGlobalSection
	GlobalSection(SolutionProperties) = preSolution
		HideSolutionNode = FALSE
	EndGlobalSection
	GlobalSection(ExtensibilityGlobals) = postSolution
		SolutionGuid = {0300C90F-EF45-4660-B80E-22F96FCCBFC5}
	EndGlobalSection
EndGlobal
